
Microsoft Visual Studio Solution File, Format Version 12.00
# Visual Studio Version 16
VisualStudioVersion = 16.0.31424.327
MinimumVisualStudioVersion = 10.0.40219.1
Project("{FAE04EC0-301F-11D3-BF4B-00C04F79EFBC}") = "9_TelegramBot", "9_TelegramBot.csproj", "{A3A1E0FE-77BB-456C-9A05-0563EC31C727}"
EndProject
Global
	GlobalSection(SolutionConfigurationPlatforms) = preSolution
		Debug|Any CPU = Debug|Any CPU
		Release|Any CPU = Release|Any CPU
	EndGlobalSection
	GlobalSection(ProjectConfigurationPlatforms) = postSolution
		{A3A1E0FE-77BB-456C-9A05-0563EC31C727}.Debug|Any CPU.ActiveCfg = Debug|Any CPU
		{A3A1E0FE-77BB-456C-9A05-0563EC31C727}.Debug|Any CPU.Build.0 = Debug|Any CPU
		{A3A1E0FE-77BB-456C-9A05-0563EC31C727}.Release|Any CPU.ActiveCfg = Release|Any CPU
		{A3A1E0FE-77BB-456C-9A05-0563EC31C727}.Release|Any CPU.Build.0 = Release|Any CPU
	EndGlobalSection
	GlobalSection(SolutionProperties) = preSolution
		HideSolutionNode = FALSE
	EndGlobalSection
	GlobalSection(ExtensibilityGlobals) = postSolution
		SolutionGuid = {BD5AFA44-111A-40A4-AD71-4136754C4DD9}
	EndGlobalSection
EndGlobal
