
Microsoft Visual Studio Solution File, Format Version 12.00
# Visual Studio Version 16
VisualStudioVersion = 16.0.31025.194
MinimumVisualStudioVersion = 10.0.40219.1
Project("{FAE04EC0-301F-11D3-BF4B-00C04F79EFBC}") = "8_Prototype_information_system", "8_Prototype_information_system.csproj", "{DDB2E36F-3050-4EFA-B8F8-FB9BD011404A}"
EndProject
Global
	GlobalSection(SolutionConfigurationPlatforms) = preSolution
		Debug|Any CPU = Debug|Any CPU
		Release|Any CPU = Release|Any CPU
	EndGlobalSection
	GlobalSection(ProjectConfigurationPlatforms) = postSolution
		{DDB2E36F-3050-4EFA-B8F8-FB9BD011404A}.Debug|Any CPU.ActiveCfg = Debug|Any CPU
		{DDB2E36F-3050-4EFA-B8F8-FB9BD011404A}.Debug|Any CPU.Build.0 = Debug|Any CPU
		{DDB2E36F-3050-4EFA-B8F8-FB9BD011404A}.Release|Any CPU.ActiveCfg = Release|Any CPU
		{DDB2E36F-3050-4EFA-B8F8-FB9BD011404A}.Release|Any CPU.Build.0 = Release|Any CPU
	EndGlobalSection
	GlobalSection(SolutionProperties) = preSolution
		HideSolutionNode = FALSE
	EndGlobalSection
	GlobalSection(ExtensibilityGlobals) = postSolution
		SolutionGuid = {6ACC39C6-ED31-417A-8C68-0CC1E1BE1578}
	EndGlobalSection
EndGlobal
